// !$*UTF8*$!
{
	archiveVersion = 1;
	classes = {
	};
	objectVersion = 50;
	objects = {

/* Begin PBXBuildFile section */
		BDF71DC8254A4BF7000ADD6A /* GitHub_ExplorerApp.swift in Sources */ = {isa = PBXBuildFile; fileRef = BDF71DC7254A4BF7000ADD6A /* GitHub_ExplorerApp.swift */; };
		BDF71DCA254A4BF7000ADD6A /* SearchView.swift in Sources */ = {isa = PBXBuildFile; fileRef = BDF71DC9254A4BF7000ADD6A /* SearchView.swift */; };
		BDF71DCC254A4BF8000ADD6A /* Assets.xcassets in Resources */ = {isa = PBXBuildFile; fileRef = BDF71DCB254A4BF8000ADD6A /* Assets.xcassets */; };
		BDF71DCF254A4BF8000ADD6A /* Preview Assets.xcassets in Resources */ = {isa = PBXBuildFile; fileRef = BDF71DCE254A4BF8000ADD6A /* Preview Assets.xcassets */; };
		BDF71DD8254A4C56000ADD6A /* README.md in Resources */ = {isa = PBXBuildFile; fileRef = BDF71DD7254A4C56000ADD6A /* README.md */; };
		BDF71DDC254A4F06000ADD6A /* Octocat.gif in Resources */ = {isa = PBXBuildFile; fileRef = BDF71DDB254A4F06000ADD6A /* Octocat.gif */; };
		BDF71DE0254A50ED000ADD6A /* RepoModel.swift in Sources */ = {isa = PBXBuildFile; fileRef = BDF71DDF254A50ED000ADD6A /* RepoModel.swift */; };
		BDF71DE3254A51C0000ADD6A /* RepoStore.swift in Sources */ = {isa = PBXBuildFile; fileRef = BDF71DE2254A51C0000ADD6A /* RepoStore.swift */; };
		BDF71DE6254A6B06000ADD6A /* ImageStore.swift in Sources */ = {isa = PBXBuildFile; fileRef = BDF71DE5254A6B06000ADD6A /* ImageStore.swift */; };
		BDF71DE9254A6C32000ADD6A /* ResultView.swift in Sources */ = {isa = PBXBuildFile; fileRef = BDF71DE8254A6C32000ADD6A /* ResultView.swift */; };
/* End PBXBuildFile section */

/* Begin PBXFileReference section */
		BDF71DC4254A4BF7000ADD6A /* GitHub Explorer.app */ = {isa = PBXFileReference; explicitFileType = wrapper.application; includeInIndex = 0; path = "GitHub Explorer.app"; sourceTree = BUILT_PRODUCTS_DIR; };
		BDF71DC7254A4BF7000ADD6A /* GitHub_ExplorerApp.swift */ = {isa = PBXFileReference; lastKnownFileType = sourcecode.swift; path = GitHub_ExplorerApp.swift; sourceTree = "<group>"; };
		BDF71DC9254A4BF7000ADD6A /* SearchView.swift */ = {isa = PBXFileReference; lastKnownFileType = sourcecode.swift; path = SearchView.swift; sourceTree = "<group>"; };
		BDF71DCB254A4BF8000ADD6A /* Assets.xcassets */ = {isa = PBXFileReference; lastKnownFileType = folder.assetcatalog; path = Assets.xcassets; sourceTree = "<group>"; };
		BDF71DCE254A4BF8000ADD6A /* Preview Assets.xcassets */ = {isa = PBXFileReference; lastKnownFileType = folder.assetcatalog; path = "Preview Assets.xcassets"; sourceTree = "<group>"; };
		BDF71DD0254A4BF8000ADD6A /* Info.plist */ = {isa = PBXFileReference; lastKnownFileType = text.plist.xml; path = Info.plist; sourceTree = "<group>"; };
		BDF71DD7254A4C56000ADD6A /* README.md */ = {isa = PBXFileReference; fileEncoding = 4; lastKnownFileType = net.daringfireball.markdown; path = README.md; sourceTree = "<group>"; };
		BDF71DDB254A4F06000ADD6A /* Octocat.gif */ = {isa = PBXFileReference; lastKnownFileType = image.gif; path = Octocat.gif; sourceTree = "<group>"; };
		BDF71DDF254A50ED000ADD6A /* RepoModel.swift */ = {isa = PBXFileReference; lastKnownFileType = sourcecode.swift; path = RepoModel.swift; sourceTree = "<group>"; };
		BDF71DE2254A51C0000ADD6A /* RepoStore.swift */ = {isa = PBXFileReference; lastKnownFileType = sourcecode.swift; path = RepoStore.swift; sourceTree = "<group>"; };
		BDF71DE5254A6B06000ADD6A /* ImageStore.swift */ = {isa = PBXFileReference; lastKnownFileType = sourcecode.swift; path = ImageStore.swift; sourceTree = "<group>"; };
		BDF71DE8254A6C32000ADD6A /* ResultView.swift */ = {isa = PBXFileReference; lastKnownFileType = sourcecode.swift; path = ResultView.swift; sourceTree = "<group>"; };
/* End PBXFileReference section */

/* Begin PBXFrameworksBuildPhase section */
		BDF71DC1254A4BF7000ADD6A /* Frameworks */ = {
			isa = PBXFrameworksBuildPhase;
			buildActionMask = 2147483647;
			files = (
			);
			runOnlyForDeploymentPostprocessing = 0;
		};
/* End PBXFrameworksBuildPhase section */

/* Begin PBXGroup section */
		BDF71DBB254A4BF7000ADD6A = {
			isa = PBXGroup;
			children = (
				BDF71DD7254A4C56000ADD6A /* README.md */,
				BDF71DC6254A4BF7000ADD6A /* GitHub Explorer */,
				BDF71DC5254A4BF7000ADD6A /* Products */,
			);
			sourceTree = "<group>";
		};
		BDF71DC5254A4BF7000ADD6A /* Products */ = {
			isa = PBXGroup;
			children = (
				BDF71DC4254A4BF7000ADD6A /* GitHub Explorer.app */,
			);
			name = Products;
			sourceTree = "<group>";
		};
		BDF71DC6254A4BF7000ADD6A /* GitHub Explorer */ = {
			isa = PBXGroup;
			children = (
				BDF71DDA254A4EE0000ADD6A /* Assets */,
				BDF71DC7254A4BF7000ADD6A /* GitHub_ExplorerApp.swift */,
				BDF71DC9254A4BF7000ADD6A /* SearchView.swift */,
				BDF71DDF254A50ED000ADD6A /* RepoModel.swift */,
				BDF71DE2254A51C0000ADD6A /* RepoStore.swift */,
				BDF71DE5254A6B06000ADD6A /* ImageStore.swift */,
				BDF71DE8254A6C32000ADD6A /* ResultView.swift */,
				BDF71DCB254A4BF8000ADD6A /* Assets.xcassets */,
				BDF71DD0254A4BF8000ADD6A /* Info.plist */,
				BDF71DCD254A4BF8000ADD6A /* Preview Content */,
			);
			path = "GitHub Explorer";
			sourceTree = "<group>";
		};
		BDF71DCD254A4BF8000ADD6A /* Preview Content */ = {
			isa = PBXGroup;
			children = (
				BDF71DCE254A4BF8000ADD6A /* Preview Assets.xcassets */,
			);
			path = "Preview Content";
			sourceTree = "<group>";
		};
		BDF71DDA254A4EE0000ADD6A /* Assets */ = {
			isa = PBXGroup;
			children = (
				BDF71DDB254A4F06000ADD6A /* Octocat.gif */,
			);
			path = Assets;
			sourceTree = "<group>";
		};
/* End PBXGroup section */

/* Begin PBXNativeTarget section */
		BDF71DC3254A4BF7000ADD6A /* GitHub Explorer */ = {
			isa = PBXNativeTarget;
			buildConfigurationList = BDF71DD3254A4BF8000ADD6A /* Build configuration list for PBXNativeTarget "GitHub Explorer" */;
			buildPhases = (
				BDF71DC0254A4BF7000ADD6A /* Sources */,
				BDF71DC1254A4BF7000ADD6A /* Frameworks */,
				BDF71DC2254A4BF7000ADD6A /* Resources */,
			);
			buildRules = (
			);
			dependencies = (
			);
			name = "GitHub Explorer";
			productName = "GitHub Explorer";
			productReference = BDF71DC4254A4BF7000ADD6A /* GitHub Explorer.app */;
			productType = "com.apple.product-type.application";
		};
/* End PBXNativeTarget section */

/* Begin PBXProject section */
		BDF71DBC254A4BF7000ADD6A /* Project object */ = {
			isa = PBXProject;
			attributes = {
				LastSwiftUpdateCheck = 1210;
				LastUpgradeCheck = 1210;
				TargetAttributes = {
					BDF71DC3254A4BF7000ADD6A = {
						CreatedOnToolsVersion = 12.1;
					};
				};
			};
			buildConfigurationList = BDF71DBF254A4BF7000ADD6A /* Build configuration list for PBXProject "GitHub Explorer" */;
			compatibilityVersion = "Xcode 9.3";
			developmentRegion = en;
			hasScannedForEncodings = 0;
			knownRegions = (
				en,
				Base,
			);
			mainGroup = BDF71DBB254A4BF7000ADD6A;
			productRefGroup = BDF71DC5254A4BF7000ADD6A /* Products */;
			projectDirPath = "";
			projectRoot = "";
			targets = (
				BDF71DC3254A4BF7000ADD6A /* GitHub Explorer */,
			);
		};
/* End PBXProject section */

/* Begin PBXResourcesBuildPhase section */
		BDF71DC2254A4BF7000ADD6A /* Resources */ = {
			isa = PBXResourcesBuildPhase;
			buildActionMask = 2147483647;
			files = (
				BDF71DDC254A4F06000ADD6A /* Octocat.gif in Resources */,
				BDF71DD8254A4C56000ADD6A /* README.md in Resources */,
				BDF71DCF254A4BF8000ADD6A /* Preview Assets.xcassets in Resources */,
				BDF71DCC254A4BF8000ADD6A /* Assets.xcassets in Resources */,
			);
			runOnlyForDeploymentPostprocessing = 0;
		};
/* End PBXResourcesBuildPhase section */

/* Begin PBXSourcesBuildPhase section */
		BDF71DC0254A4BF7000ADD6A /* Sources */ = {
			isa = PBXSourcesBuildPhase;
			buildActionMask = 2147483647;
			files = (
				BDF71DCA254A4BF7000ADD6A /* SearchView.swift in Sources */,
				BDF71DE3254A51C0000ADD6A /* RepoStore.swift in Sources */,
				BDF71DC8254A4BF7000ADD6A /* GitHub_ExplorerApp.swift in Sources */,
				BDF71DE6254A6B06000ADD6A /* ImageStore.swift in Sources */,
				BDF71DE0254A50ED000ADD6A /* RepoModel.swift in Sources */,
				BDF71DE9254A6C32000ADD6A /* ResultView.swift in Sources */,
			);
			runOnlyForDeploymentPostprocessing = 0;
		};
/* End PBXSourcesBuildPhase section */

/* Begin XCBuildConfiguration section */
		BDF71DD1254A4BF8000ADD6A /* Debug */ = {
			isa = XCBuildConfiguration;
			buildSettings = {
				ALWAYS_SEARCH_USER_PATHS = NO;
				CLANG_ANALYZER_NONNULL = YES;
				CLANG_ANALYZER_NUMBER_OBJECT_CONVERSION = YES_AGGRESSIVE;
				CLANG_CXX_LANGUAGE_STANDARD = "gnu++14";
				CLANG_CXX_LIBRARY = "libc++";
				CLANG_ENABLE_MODULES = YES;
				CLANG_ENABLE_OBJC_ARC = YES;
				CLANG_ENABLE_OBJC_WEAK = YES;
				CLANG_WARN_BLOCK_CAPTURE_AUTORELEASING = YES;
				CLANG_WARN_BOOL_CONVERSION = YES;
				CLANG_WARN_COMMA = YES;
				CLANG_WARN_CONSTANT_CONVERSION = YES;
				CLANG_WARN_DEPRECATED_OBJC_IMPLEMENTATIONS = YES;
				CLANG_WARN_DIRECT_OBJC_ISA_USAGE = YES_ERROR;
				CLANG_WARN_DOCUMENTATION_COMMENTS = YES;
				CLANG_WARN_EMPTY_BODY = YES;
				CLANG_WARN_ENUM_CONVERSION = YES;
				CLANG_WARN_INFINITE_RECURSION = YES;
				CLANG_WARN_INT_CONVERSION = YES;
				CLANG_WARN_NON_LITERAL_NULL_CONVERSION = YES;
				CLANG_WARN_OBJC_IMPLICIT_RETAIN_SELF = YES;
				CLANG_WARN_OBJC_LITERAL_CONVERSION = YES;
				CLANG_WARN_OBJC_ROOT_CLASS = YES_ERROR;
				CLANG_WARN_QUOTED_INCLUDE_IN_FRAMEWORK_HEADER = YES;
				CLANG_WARN_RANGE_LOOP_ANALYSIS = YES;
				CLANG_WARN_STRICT_PROTOTYPES = YES;
				CLANG_WARN_SUSPICIOUS_MOVE = YES;
				CLANG_WARN_UNGUARDED_AVAILABILITY = YES_AGGRESSIVE;
				CLANG_WARN_UNREACHABLE_CODE = YES;
				CLANG_WARN__DUPLICATE_METHOD_MATCH = YES;
				COPY_PHASE_STRIP = NO;
				DEBUG_INFORMATION_FORMAT = dwarf;
				ENABLE_STRICT_OBJC_MSGSEND = YES;
				ENABLE_TESTABILITY = YES;
				GCC_C_LANGUAGE_STANDARD = gnu11;
				GCC_DYNAMIC_NO_PIC = NO;
				GCC_NO_COMMON_BLOCKS = YES;
				GCC_OPTIMIZATION_LEVEL = 0;
				GCC_PREPROCESSOR_DEFINITIONS = (
					"DEBUG=1",
					"$(inherited)",
				);
				GCC_WARN_64_TO_32_BIT_CONVERSION = YES;
				GCC_WARN_ABOUT_RETURN_TYPE = YES_ERROR;
				GCC_WARN_UNDECLARED_SELECTOR = YES;
				GCC_WARN_UNINITIALIZED_AUTOS = YES_AGGRESSIVE;
				GCC_WARN_UNUSED_FUNCTION = YES;
				GCC_WARN_UNUSED_VARIABLE = YES;
				IPHONEOS_DEPLOYMENT_TARGET = 14.1;
				MTL_ENABLE_DEBUG_INFO = INCLUDE_SOURCE;
				MTL_FAST_MATH = YES;
				ONLY_ACTIVE_ARCH = YES;
				SDKROOT = iphoneos;
				SWIFT_ACTIVE_COMPILATION_CONDITIONS = DEBUG;
				SWIFT_OPTIMIZATION_LEVEL = "-Onone";
			};
			name = Debug;
		};
		BDF71DD2254A4BF8000ADD6A /* Release */ = {
			isa = XCBuildConfiguration;
			buildSettings = {
				ALWAYS_SEARCH_USER_PATHS = NO;
				CLANG_ANALYZER_NONNULL = YES;
				CLANG_ANALYZER_NUMBER_OBJECT_CONVERSION = YES_AGGRESSIVE;
				CLANG_CXX_LANGUAGE_STANDARD = "gnu++14";
				CLANG_CXX_LIBRARY = "libc++";
				CLANG_ENABLE_MODULES = YES;
				CLANG_ENABLE_OBJC_ARC = YES;
				CLANG_ENABLE_OBJC_WEAK = YES;
				CLANG_WARN_BLOCK_CAPTURE_AUTORELEASING = YES;
				CLANG_WARN_BOOL_CONVERSION = YES;
				CLANG_WARN_COMMA = YES;
				CLANG_WARN_CONSTANT_CONVERSION = YES;
				CLANG_WARN_DEPRECATED_OBJC_IMPLEMENTATIONS = YES;
				CLANG_WARN_DIRECT_OBJC_ISA_USAGE = YES_ERROR;
				CLANG_WARN_DOCUMENTATION_COMMENTS = YES;
				CLANG_WARN_EMPTY_BODY = YES;
				CLANG_WARN_ENUM_CONVERSION = YES;
				CLANG_WARN_INFINITE_RECURSION = YES;
				CLANG_WARN_INT_CONVERSION = YES;
				CLANG_WARN_NON_LITERAL_NULL_CONVERSION = YES;
				CLANG_WARN_OBJC_IMPLICIT_RETAIN_SELF = YES;
				CLANG_WARN_OBJC_LITERAL_CONVERSION = YES;
				CLANG_WARN_OBJC_ROOT_CLASS = YES_ERROR;
				CLANG_WARN_QUOTED_INCLUDE_IN_FRAMEWORK_HEADER = YES;
				CLANG_WARN_RANGE_LOOP_ANALYSIS = YES;
				CLANG_WARN_STRICT_PROTOTYPES = YES;
				CLANG_WARN_SUSPICIOUS_MOVE = YES;
				CLANG_WARN_UNGUARDED_AVAILABILITY = YES_AGGRESSIVE;
				CLANG_WARN_UNREACHABLE_CODE = YES;
				CLANG_WARN__DUPLICATE_METHOD_MATCH = YES;
				COPY_PHASE_STRIP = NO;
				DEBUG_INFORMATION_FORMAT = "dwarf-with-dsym";
				ENABLE_NS_ASSERTIONS = NO;
				ENABLE_STRICT_OBJC_MSGSEND = YES;
				GCC_C_LANGUAGE_STANDARD = gnu11;
				GCC_NO_COMMON_BLOCKS = YES;
				GCC_WARN_64_TO_32_BIT_CONVERSION = YES;
				GCC_WARN_ABOUT_RETURN_TYPE = YES_ERROR;
				GCC_WARN_UNDECLARED_SELECTOR = YES;
				GCC_WARN_UNINITIALIZED_AUTOS = YES_AGGRESSIVE;
				GCC_WARN_UNUSED_FUNCTION = YES;
				GCC_WARN_UNUSED_VARIABLE = YES;
				IPHONEOS_DEPLOYMENT_TARGET = 14.1;
				MTL_ENABLE_DEBUG_INFO = NO;
				MTL_FAST_MATH = YES;
				SDKROOT = iphoneos;
				SWIFT_COMPILATION_MODE = wholemodule;
				SWIFT_OPTIMIZATION_LEVEL = "-O";
				VALIDATE_PRODUCT = YES;
			};
			name = Release;
		};
		BDF71DD4254A4BF8000ADD6A /* Debug */ = {
			isa = XCBuildConfiguration;
			buildSettings = {
				ASSETCATALOG_COMPILER_APPICON_NAME = AppIcon;
				ASSETCATALOG_COMPILER_GLOBAL_ACCENT_COLOR_NAME = AccentColor;
				CODE_SIGN_STYLE = Automatic;
				DEVELOPMENT_ASSET_PATHS = "\"GitHub Explorer/Preview Content\"";
				DEVELOPMENT_TEAM = MXM4GUNPXD;
				ENABLE_PREVIEWS = YES;
				INFOPLIST_FILE = "GitHub Explorer/Info.plist";
				IPHONEOS_DEPLOYMENT_TARGET = 14.0;
				LD_RUNPATH_SEARCH_PATHS = (
					"$(inherited)",
					"@executable_path/Frameworks",
				);
				PRODUCT_BUNDLE_IDENTIFIER = "com.caalar.GitHub-Explorer";
				PRODUCT_NAME = "$(TARGET_NAME)";
				SWIFT_VERSION = 5.0;
				TARGETED_DEVICE_FAMILY = "1,2";
			};
			name = Debug;
		};
		BDF71DD5254A4BF8000ADD6A /* Release */ = {
			isa = XCBuildConfiguration;
			buildSettings = {
				ASSETCATALOG_COMPILER_APPICON_NAME = AppIcon;
				ASSETCATALOG_COMPILER_GLOBAL_ACCENT_COLOR_NAME = AccentColor;
				CODE_SIGN_STYLE = Automatic;
				DEVELOPMENT_ASSET_PATHS = "\"GitHub Explorer/Preview Content\"";
				DEVELOPMENT_TEAM = MXM4GUNPXD;
				ENABLE_PREVIEWS = YES;
				INFOPLIST_FILE = "GitHub Explorer/Info.plist";
				IPHONEOS_DEPLOYMENT_TARGET = 14.0;
				LD_RUNPATH_SEARCH_PATHS = (
					"$(inherited)",
					"@executable_path/Frameworks",
				);
				PRODUCT_BUNDLE_IDENTIFIER = "com.caalar.GitHub-Explorer";
				PRODUCT_NAME = "$(TARGET_NAME)";
				SWIFT_VERSION = 5.0;
				TARGETED_DEVICE_FAMILY = "1,2";
			};
			name = Release;
		};
/* End XCBuildConfiguration section */

/* Begin XCConfigurationList section */
		BDF71DBF254A4BF7000ADD6A /* Build configuration list for PBXProject "GitHub Explorer" */ = {
			isa = XCConfigurationList;
			buildConfigurations = (
				BDF71DD1254A4BF8000ADD6A /* Debug */,
				BDF71DD2254A4BF8000ADD6A /* Release */,
			);
			defaultConfigurationIsVisible = 0;
			defaultConfigurationName = Release;
		};
		BDF71DD3254A4BF8000ADD6A /* Build configuration list for PBXNativeTarget "GitHub Explorer" */ = {
			isa = XCConfigurationList;
			buildConfigurations = (
				BDF71DD4254A4BF8000ADD6A /* Debug */,
				BDF71DD5254A4BF8000ADD6A /* Release */,
			);
			defaultConfigurationIsVisible = 0;
			defaultConfigurationName = Release;
		};
/* End XCConfigurationList section */
	};
	rootObject = BDF71DBC254A4BF7000ADD6A /* Project object */;
}
